
Microsoft Visual Studio Solution File, Format Version 12.00
# Visual Studio 15
VisualStudioVersion = 15.0.27703.2035
MinimumVisualStudioVersion = 10.0.40219.1
Project("{8BC9CEB8-8B4A-11D0-8D11-00A0C91BC942}") = "CarClass", "CarClass\CarClass.vcxproj", "{FEACACDB-14DF-4E3E-AD31-45B1654F8C75}"
EndProject
Global
	GlobalSection(SolutionConfigurationPlatforms) = preSolution
		Debug|x64 = Debug|x64
		Debug|x86 = Debug|x86
		Release|x64 = Release|x64
		Release|x86 = Release|x86
	EndGlobalSection
	GlobalSection(ProjectConfigurationPlatforms) = postSolution
		{FEACACDB-14DF-4E3E-AD31-45B1654F8C75}.Debug|x64.ActiveCfg = Debug|x64
		{FEACACDB-14DF-4E3E-AD31-45B1654F8C75}.Debug|x64.Build.0 = Debug|x64
		{FEACACDB-14DF-4E3E-AD31-45B1654F8C75}.Debug|x86.ActiveCfg = Debug|Win32
		{FEACACDB-14DF-4E3E-AD31-45B1654F8C75}.Debug|x86.Build.0 = Debug|Win32
		{FEACACDB-14DF-4E3E-AD31-45B1654F8C75}.Release|x64.ActiveCfg = Release|x64
		{FEACACDB-14DF-4E3E-AD31-45B1654F8C75}.Release|x64.Build.0 = Release|x64
		{FEACACDB-14DF-4E3E-AD31-45B1654F8C75}.Release|x86.ActiveCfg = Release|Win32
		{FEACACDB-14DF-4E3E-AD31-45B1654F8C75}.Release|x86.Build.0 = Release|Win32
	EndGlobalSection
	GlobalSection(SolutionProperties) = preSolution
		HideSolutionNode = FALSE
	EndGlobalSection
	GlobalSection(ExtensibilityGlobals) = postSolution
		SolutionGuid = {72ECF8A6-622E-4FFA-AB22-328CCBC8E800}
	EndGlobalSection
EndGlobal
