
Microsoft Visual Studio Solution File, Format Version 12.00
# Visual Studio 15
VisualStudioVersion = 15.0.28010.2036
MinimumVisualStudioVersion = 10.0.40219.1
Project("{8BC9CEB8-8B4A-11D0-8D11-00A0C91BC942}") = "Median Function", "Median Function\Median Function.vcxproj", "{69E0B791-B1E9-4AF7-85FC-E9B7F967E193}"
EndProject
Global
	GlobalSection(SolutionConfigurationPlatforms) = preSolution
		Debug|x64 = Debug|x64
		Debug|x86 = Debug|x86
		Release|x64 = Release|x64
		Release|x86 = Release|x86
	EndGlobalSection
	GlobalSection(ProjectConfigurationPlatforms) = postSolution
		{69E0B791-B1E9-4AF7-85FC-E9B7F967E193}.Debug|x64.ActiveCfg = Debug|x64
		{69E0B791-B1E9-4AF7-85FC-E9B7F967E193}.Debug|x64.Build.0 = Debug|x64
		{69E0B791-B1E9-4AF7-85FC-E9B7F967E193}.Debug|x86.ActiveCfg = Debug|Win32
		{69E0B791-B1E9-4AF7-85FC-E9B7F967E193}.Debug|x86.Build.0 = Debug|Win32
		{69E0B791-B1E9-4AF7-85FC-E9B7F967E193}.Release|x64.ActiveCfg = Release|x64
		{69E0B791-B1E9-4AF7-85FC-E9B7F967E193}.Release|x64.Build.0 = Release|x64
		{69E0B791-B1E9-4AF7-85FC-E9B7F967E193}.Release|x86.ActiveCfg = Release|Win32
		{69E0B791-B1E9-4AF7-85FC-E9B7F967E193}.Release|x86.Build.0 = Release|Win32
	EndGlobalSection
	GlobalSection(SolutionProperties) = preSolution
		HideSolutionNode = FALSE
	EndGlobalSection
	GlobalSection(ExtensibilityGlobals) = postSolution
		SolutionGuid = {5ADFE646-982A-4E22-8CA2-B2AA343BED4B}
	EndGlobalSection
EndGlobal
